
Microsoft Visual Studio Solution File, Format Version 12.00
# Visual Studio Version 17
VisualStudioVersion = 17.4.33213.308
MinimumVisualStudioVersion = 10.0.40219.1
Project("{FAE04EC0-301F-11D3-BF4B-00C04F79EFBC}") = "OpenRandomFile", "OpenRandomFile\OpenRandomFile.csproj", "{8F345C7B-1E66-4AC5-9934-12118F0AB2FD}"
EndProject
Global
	GlobalSection(SolutionConfigurationPlatforms) = preSolution
		Debug|Any CPU = Debug|Any CPU
		Release|Any CPU = Release|Any CPU
	EndGlobalSection
	GlobalSection(ProjectConfigurationPlatforms) = postSolution
		{8F345C7B-1E66-4AC5-9934-12118F0AB2FD}.Debug|Any CPU.ActiveCfg = Debug|Any CPU
		{8F345C7B-1E66-4AC5-9934-12118F0AB2FD}.Debug|Any CPU.Build.0 = Debug|Any CPU
		{8F345C7B-1E66-4AC5-9934-12118F0AB2FD}.Release|Any CPU.ActiveCfg = Release|Any CPU
		{8F345C7B-1E66-4AC5-9934-12118F0AB2FD}.Release|Any CPU.Build.0 = Release|Any CPU
	EndGlobalSection
	GlobalSection(SolutionProperties) = preSolution
		HideSolutionNode = FALSE
	EndGlobalSection
	GlobalSection(ExtensibilityGlobals) = postSolution
		SolutionGuid = {42D15C94-7686-4AF6-BBD6-817119D86FBA}
	EndGlobalSection
EndGlobal
